
Microsoft Visual Studio Solution File, Format Version 12.00
# Visual Studio 15
VisualStudioVersion = 15.0.27130.2027
MinimumVisualStudioVersion = 10.0.40219.1
Project("{FAE04EC0-301F-11D3-BF4B-00C04F79EFBC}") = "MAXS.MOFF.Excel_Workshop", "MAXS.MOFF.Excel_Workshop\MAXS.MOFF.Excel_Workshop.csproj", "{911C83BF-33EB-433E-A4DC-B5C08A2BE124}"
EndProject
Global
	GlobalSection(SolutionConfigurationPlatforms) = preSolution
		Debug|Any CPU = Debug|Any CPU
		Release|Any CPU = Release|Any CPU
	EndGlobalSection
	GlobalSection(ProjectConfigurationPlatforms) = postSolution
		{911C83BF-33EB-433E-A4DC-B5C08A2BE124}.Debug|Any CPU.ActiveCfg = Debug|Any CPU
		{911C83BF-33EB-433E-A4DC-B5C08A2BE124}.Debug|Any CPU.Build.0 = Debug|Any CPU
		{911C83BF-33EB-433E-A4DC-B5C08A2BE124}.Release|Any CPU.ActiveCfg = Release|Any CPU
		{911C83BF-33EB-433E-A4DC-B5C08A2BE124}.Release|Any CPU.Build.0 = Release|Any CPU
	EndGlobalSection
	GlobalSection(SolutionProperties) = preSolution
		HideSolutionNode = FALSE
	EndGlobalSection
	GlobalSection(ExtensibilityGlobals) = postSolution
		SolutionGuid = {96CF27FF-3C86-4D1D-8A99-013ECD225DBB}
	EndGlobalSection
EndGlobal
